// !$*UTF8*$!
{
	archiveVersion = 1;
	classes = {
	};
	objectVersion = 46;
	objects = {

/* Begin PBXBuildFile section */
		0CCE1D331E1ACEEA00177D45 /* AppDelegate.swift in Sources */ = {isa = PBXBuildFile; fileRef = 0CCE1D321E1ACEEA00177D45 /* AppDelegate.swift */; };
		0CCE1D351E1ACEEA00177D45 /* ViewController.swift in Sources */ = {isa = PBXBuildFile; fileRef = 0CCE1D341E1ACEEA00177D45 /* ViewController.swift */; };
		0CCE1D381E1ACEEA00177D45 /* Main.storyboard in Resources */ = {isa = PBXBuildFile; fileRef = 0CCE1D361E1ACEEA00177D45 /* Main.storyboard */; };
		0CCE1D3A1E1ACEEA00177D45 /* Assets.xcassets in Resources */ = {isa = PBXBuildFile; fileRef = 0CCE1D391E1ACEEA00177D45 /* Assets.xcassets */; };
		0CCE1D3D1E1ACEEA00177D45 /* LaunchScreen.storyboard in Resources */ = {isa = PBXBuildFile; fileRef = 0CCE1D3B1E1ACEEA00177D45 /* LaunchScreen.storyboard */; };
		0CCE1D481E1ACEEA00177D45 /* project1Tests.swift in Sources */ = {isa = PBXBuildFile; fileRef = 0CCE1D471E1ACEEA00177D45 /* project1Tests.swift */; };
		0CCE1D531E1ACEEA00177D45 /* project1UITests.swift in Sources */ = {isa = PBXBuildFile; fileRef = 0CCE1D521E1ACEEA00177D45 /* project1UITests.swift */; };
/* End PBXBuildFile section */

/* Begin PBXContainerItemProxy section */
		0CCE1D441E1ACEEA00177D45 /* PBXContainerItemProxy */ = {
			isa = PBXContainerItemProxy;
			containerPortal = 0CCE1D271E1ACEEA00177D45 /* Project object */;
			proxyType = 1;
			remoteGlobalIDString = 0CCE1D2E1E1ACEEA00177D45;
			remoteInfo = project1;
		};
		0CCE1D4F1E1ACEEA00177D45 /* PBXContainerItemProxy */ = {
			isa = PBXContainerItemProxy;
			containerPortal = 0CCE1D271E1ACEEA00177D45 /* Project object */;
			proxyType = 1;
			remoteGlobalIDString = 0CCE1D2E1E1ACEEA00177D45;
			remoteInfo = project1;
		};
/* End PBXContainerItemProxy section */

/* Begin PBXFileReference section */
		0CCE1D2F1E1ACEEA00177D45 /* project1.app */ = {isa = PBXFileReference; explicitFileType = wrapper.application; includeInIndex = 0; path = project1.app; sourceTree = BUILT_PRODUCTS_DIR; };
		0CCE1D321E1ACEEA00177D45 /* AppDelegate.swift */ = {isa = PBXFileReference; lastKnownFileType = sourcecode.swift; path = AppDelegate.swift; sourceTree = "<group>"; };
		0CCE1D341E1ACEEA00177D45 /* ViewController.swift */ = {isa = PBXFileReference; lastKnownFileType = sourcecode.swift; path = ViewController.swift; sourceTree = "<group>"; };
		0CCE1D371E1ACEEA00177D45 /* Base */ = {isa = PBXFileReference; lastKnownFileType = file.storyboard; name = Base; path = Base.lproj/Main.storyboard; sourceTree = "<group>"; };
		0CCE1D391E1ACEEA00177D45 /* Assets.xcassets */ = {isa = PBXFileReference; lastKnownFileType = folder.assetcatalog; path = Assets.xcassets; sourceTree = "<group>"; };
		0CCE1D3C1E1ACEEA00177D45 /* Base */ = {isa = PBXFileReference; lastKnownFileType = file.storyboard; name = Base; path = Base.lproj/LaunchScreen.storyboard; sourceTree = "<group>"; };
		0CCE1D3E1E1ACEEA00177D45 /* Info.plist */ = {isa = PBXFileReference; lastKnownFileType = text.plist.xml; path = Info.plist; sourceTree = "<group>"; };
		0CCE1D431E1ACEEA00177D45 /* project1Tests.xctest */ = {isa = PBXFileReference; explicitFileType = wrapper.cfbundle; includeInIndex = 0; path = project1Tests.xctest; sourceTree = BUILT_PRODUCTS_DIR; };
		0CCE1D471E1ACEEA00177D45 /* project1Tests.swift */ = {isa = PBXFileReference; lastKnownFileType = sourcecode.swift; path = project1Tests.swift; sourceTree = "<group>"; };
		0CCE1D491E1ACEEA00177D45 /* Info.plist */ = {isa = PBXFileReference; lastKnownFileType = text.plist.xml; path = Info.plist; sourceTree = "<group>"; };
		0CCE1D4E1E1ACEEA00177D45 /* project1UITests.xctest */ = {isa = PBXFileReference; explicitFileType = wrapper.cfbundle; includeInIndex = 0; path = project1UITests.xctest; sourceTree = BUILT_PRODUCTS_DIR; };
		0CCE1D521E1ACEEA00177D45 /* project1UITests.swift */ = {isa = PBXFileReference; lastKnownFileType = sourcecode.swift; path = project1UITests.swift; sourceTree = "<group>"; };
		0CCE1D541E1ACEEA00177D45 /* Info.plist */ = {isa = PBXFileReference; lastKnownFileType = text.plist.xml; path = Info.plist; sourceTree = "<group>"; };
/* End PBXFileReference section */

/* Begin PBXFrameworksBuildPhase section */
		0CCE1D2C1E1ACEEA00177D45 /* Frameworks */ = {
			isa = PBXFrameworksBuildPhase;
			buildActionMask = 2147483647;
			files = (
			);
			runOnlyForDeploymentPostprocessing = 0;
		};
		0CCE1D401E1ACEEA00177D45 /* Frameworks */ = {
			isa = PBXFrameworksBuildPhase;
			buildActionMask = 2147483647;
			files = (
			);
			runOnlyForDeploymentPostprocessing = 0;
		};
		0CCE1D4B1E1ACEEA00177D45 /* Frameworks */ = {
			isa = PBXFrameworksBuildPhase;
			buildActionMask = 2147483647;
			files = (
			);
			runOnlyForDeploymentPostprocessing = 0;
		};
/* End PBXFrameworksBuildPhase section */

/* Begin PBXGroup section */
		0CCE1D261E1ACEE900177D45 = {
			isa = PBXGroup;
			children = (
				0CCE1D311E1ACEEA00177D45 /* project1 */,
				0CCE1D461E1ACEEA00177D45 /* project1Tests */,
				0CCE1D511E1ACEEA00177D45 /* project1UITests */,
				0CCE1D301E1ACEEA00177D45 /* Products */,
			);
			sourceTree = "<group>";
		};
		0CCE1D301E1ACEEA00177D45 /* Products */ = {
			isa = PBXGroup;
			children = (
				0CCE1D2F1E1ACEEA00177D45 /* project1.app */,
				0CCE1D431E1ACEEA00177D45 /* project1Tests.xctest */,
				0CCE1D4E1E1ACEEA00177D45 /* project1UITests.xctest */,
			);
			name = Products;
			sourceTree = "<group>";
		};
		0CCE1D311E1ACEEA00177D45 /* project1 */ = {
			isa = PBXGroup;
			children = (
				0CCE1D321E1ACEEA00177D45 /* AppDelegate.swift */,
				0CCE1D341E1ACEEA00177D45 /* ViewController.swift */,
				0CCE1D361E1ACEEA00177D45 /* Main.storyboard */,
				0CCE1D391E1ACEEA00177D45 /* Assets.xcassets */,
				0CCE1D3B1E1ACEEA00177D45 /* LaunchScreen.storyboard */,
				0CCE1D3E1E1ACEEA00177D45 /* Info.plist */,
			);
			path = project1;
			sourceTree = "<group>";
		};
		0CCE1D461E1ACEEA00177D45 /* project1Tests */ = {
			isa = PBXGroup;
			children = (
				0CCE1D471E1ACEEA00177D45 /* project1Tests.swift */,
				0CCE1D491E1ACEEA00177D45 /* Info.plist */,
			);
			path = project1Tests;
			sourceTree = "<group>";
		};
		0CCE1D511E1ACEEA00177D45 /* project1UITests */ = {
			isa = PBXGroup;
			children = (
				0CCE1D521E1ACEEA00177D45 /* project1UITests.swift */,
				0CCE1D541E1ACEEA00177D45 /* Info.plist */,
			);
			path = project1UITests;
			sourceTree = "<group>";
		};
/* End PBXGroup section */

/* Begin PBXNativeTarget section */
		0CCE1D2E1E1ACEEA00177D45 /* project1 */ = {
			isa = PBXNativeTarget;
			buildConfigurationList = 0CCE1D571E1ACEEA00177D45 /* Build configuration list for PBXNativeTarget "project1" */;
			buildPhases = (
				0CCE1D2B1E1ACEEA00177D45 /* Sources */,
				0CCE1D2C1E1ACEEA00177D45 /* Frameworks */,
				0CCE1D2D1E1ACEEA00177D45 /* Resources */,
			);
			buildRules = (
			);
			dependencies = (
			);
			name = project1;
			productName = project1;
			productReference = 0CCE1D2F1E1ACEEA00177D45 /* project1.app */;
			productType = "com.apple.product-type.application";
		};
		0CCE1D421E1ACEEA00177D45 /* project1Tests */ = {
			isa = PBXNativeTarget;
			buildConfigurationList = 0CCE1D5A1E1ACEEA00177D45 /* Build configuration list for PBXNativeTarget "project1Tests" */;
			buildPhases = (
				0CCE1D3F1E1ACEEA00177D45 /* Sources */,
				0CCE1D401E1ACEEA00177D45 /* Frameworks */,
				0CCE1D411E1ACEEA00177D45 /* Resources */,
			);
			buildRules = (
			);
			dependencies = (
				0CCE1D451E1ACEEA00177D45 /* PBXTargetDependency */,
			);
			name = project1Tests;
			productName = project1Tests;
			productReference = 0CCE1D431E1ACEEA00177D45 /* project1Tests.xctest */;
			productType = "com.apple.product-type.bundle.unit-test";
		};
		0CCE1D4D1E1ACEEA00177D45 /* project1UITests */ = {
			isa = PBXNativeTarget;
			buildConfigurationList = 0CCE1D5D1E1ACEEA00177D45 /* Build configuration list for PBXNativeTarget "project1UITests" */;
			buildPhases = (
				0CCE1D4A1E1ACEEA00177D45 /* Sources */,
				0CCE1D4B1E1ACEEA00177D45 /* Frameworks */,
				0CCE1D4C1E1ACEEA00177D45 /* Resources */,
			);
			buildRules = (
			);
			dependencies = (
				0CCE1D501E1ACEEA00177D45 /* PBXTargetDependency */,
			);
			name = project1UITests;
			productName = project1UITests;
			productReference = 0CCE1D4E1E1ACEEA00177D45 /* project1UITests.xctest */;
			productType = "com.apple.product-type.bundle.ui-testing";
		};
/* End PBXNativeTarget section */

/* Begin PBXProject section */
		0CCE1D271E1ACEEA00177D45 /* Project object */ = {
			isa = PBXProject;
			attributes = {
				LastSwiftUpdateCheck = 0820;
				LastUpgradeCheck = 0820;
				ORGANIZATIONNAME = "Peter Gniewek";
				TargetAttributes = {
					0CCE1D2E1E1ACEEA00177D45 = {
						CreatedOnToolsVersion = 8.2.1;
						ProvisioningStyle = Automatic;
					};
					0CCE1D421E1ACEEA00177D45 = {
						CreatedOnToolsVersion = 8.2.1;
						ProvisioningStyle = Automatic;
						TestTargetID = 0CCE1D2E1E1ACEEA00177D45;
					};
					0CCE1D4D1E1ACEEA00177D45 = {
						CreatedOnToolsVersion = 8.2.1;
						ProvisioningStyle = Automatic;
						TestTargetID = 0CCE1D2E1E1ACEEA00177D45;
					};
				};
			};
			buildConfigurationList = 0CCE1D2A1E1ACEEA00177D45 /* Build configuration list for PBXProject "project1" */;
			compatibilityVersion = "Xcode 3.2";
			developmentRegion = English;
			hasScannedForEncodings = 0;
			knownRegions = (
				en,
				Base,
			);
			mainGroup = 0CCE1D261E1ACEE900177D45;
			productRefGroup = 0CCE1D301E1ACEEA00177D45 /* Products */;
			projectDirPath = "";
			projectRoot = "";
			targets = (
				0CCE1D2E1E1ACEEA00177D45 /* project1 */,
				0CCE1D421E1ACEEA00177D45 /* project1Tests */,
				0CCE1D4D1E1ACEEA00177D45 /* project1UITests */,
			);
		};
/* End PBXProject section */

/* Begin PBXResourcesBuildPhase section */
		0CCE1D2D1E1ACEEA00177D45 /* Resources */ = {
			isa = PBXResourcesBuildPhase;
			buildActionMask = 2147483647;
			files = (
				0CCE1D3D1E1ACEEA00177D45 /* LaunchScreen.storyboard in Resources */,
				0CCE1D3A1E1ACEEA00177D45 /* Assets.xcassets in Resources */,
				0CCE1D381E1ACEEA00177D45 /* Main.storyboard in Resources */,
			);
			runOnlyForDeploymentPostprocessing = 0;
		};
		0CCE1D411E1ACEEA00177D45 /* Resources */ = {
			isa = PBXResourcesBuildPhase;
			buildActionMask = 2147483647;
			files = (
			);
			runOnlyForDeploymentPostprocessing = 0;
		};
		0CCE1D4C1E1ACEEA00177D45 /* Resources */ = {
			isa = PBXResourcesBuildPhase;
			buildActionMask = 2147483647;
			files = (
			);
			runOnlyForDeploymentPostprocessing = 0;
		};
/* End PBXResourcesBuildPhase section */

/* Begin PBXSourcesBuildPhase section */
		0CCE1D2B1E1ACEEA00177D45 /* Sources */ = {
			isa = PBXSourcesBuildPhase;
			buildActionMask = 2147483647;
			files = (
				0CCE1D351E1ACEEA00177D45 /* ViewController.swift in Sources */,
				0CCE1D331E1ACEEA00177D45 /* AppDelegate.swift in Sources */,
			);
			runOnlyForDeploymentPostprocessing = 0;
		};
		0CCE1D3F1E1ACEEA00177D45 /* Sources */ = {
			isa = PBXSourcesBuildPhase;
			buildActionMask = 2147483647;
			files = (
				0CCE1D481E1ACEEA00177D45 /* project1Tests.swift in Sources */,
			);
			runOnlyForDeploymentPostprocessing = 0;
		};
		0CCE1D4A1E1ACEEA00177D45 /* Sources */ = {
			isa = PBXSourcesBuildPhase;
			buildActionMask = 2147483647;
			files = (
				0CCE1D531E1ACEEA00177D45 /* project1UITests.swift in Sources */,
			);
			runOnlyForDeploymentPostprocessing = 0;
		};
/* End PBXSourcesBuildPhase section */

/* Begin PBXTargetDependency section */
		0CCE1D451E1ACEEA00177D45 /* PBXTargetDependency */ = {
			isa = PBXTargetDependency;
			target = 0CCE1D2E1E1ACEEA00177D45 /* project1 */;
			targetProxy = 0CCE1D441E1ACEEA00177D45 /* PBXContainerItemProxy */;
		};
		0CCE1D501E1ACEEA00177D45 /* PBXTargetDependency */ = {
			isa = PBXTargetDependency;
			target = 0CCE1D2E1E1ACEEA00177D45 /* project1 */;
			targetProxy = 0CCE1D4F1E1ACEEA00177D45 /* PBXContainerItemProxy */;
		};
/* End PBXTargetDependency section */

/* Begin PBXVariantGroup section */
		0CCE1D361E1ACEEA00177D45 /* Main.storyboard */ = {
			isa = PBXVariantGroup;
			children = (
				0CCE1D371E1ACEEA00177D45 /* Base */,
			);
			name = Main.storyboard;
			sourceTree = "<group>";
		};
		0CCE1D3B1E1ACEEA00177D45 /* LaunchScreen.storyboard */ = {
			isa = PBXVariantGroup;
			children = (
				0CCE1D3C1E1ACEEA00177D45 /* Base */,
			);
			name = LaunchScreen.storyboard;
			sourceTree = "<group>";
		};
/* End PBXVariantGroup section */

/* Begin XCBuildConfiguration section */
		0CCE1D551E1ACEEA00177D45 /* Debug */ = {
			isa = XCBuildConfiguration;
			buildSettings = {
				ALWAYS_SEARCH_USER_PATHS = NO;
				CLANG_ANALYZER_NONNULL = YES;
				CLANG_CXX_LANGUAGE_STANDARD = "gnu++0x";
				CLANG_CXX_LIBRARY = "libc++";
				CLANG_ENABLE_MODULES = YES;
				CLANG_ENABLE_OBJC_ARC = YES;
				CLANG_WARN_BOOL_CONVERSION = YES;
				CLANG_WARN_CONSTANT_CONVERSION = YES;
				CLANG_WARN_DIRECT_OBJC_ISA_USAGE = YES_ERROR;
				CLANG_WARN_DOCUMENTATION_COMMENTS = YES;
				CLANG_WARN_EMPTY_BODY = YES;
				CLANG_WARN_ENUM_CONVERSION = YES;
				CLANG_WARN_INFINITE_RECURSION = YES;
				CLANG_WARN_INT_CONVERSION = YES;
				CLANG_WARN_OBJC_ROOT_CLASS = YES_ERROR;
				CLANG_WARN_SUSPICIOUS_MOVE = YES;
				CLANG_WARN_UNREACHABLE_CODE = YES;
				CLANG_WARN__DUPLICATE_METHOD_MATCH = YES;
				"CODE_SIGN_IDENTITY[sdk=iphoneos*]" = "iPhone Developer";
				COPY_PHASE_STRIP = NO;
				DEBUG_INFORMATION_FORMAT = dwarf;
				ENABLE_STRICT_OBJC_MSGSEND = YES;
				ENABLE_TESTABILITY = YES;
				GCC_C_LANGUAGE_STANDARD = gnu99;
				GCC_DYNAMIC_NO_PIC = NO;
				GCC_NO_COMMON_BLOCKS = YES;
				GCC_OPTIMIZATION_LEVEL = 0;
				GCC_PREPROCESSOR_DEFINITIONS = (
					"DEBUG=1",
					"$(inherited)",
				);
				GCC_WARN_64_TO_32_BIT_CONVERSION = YES;
				GCC_WARN_ABOUT_RETURN_TYPE = YES_ERROR;
				GCC_WARN_UNDECLARED_SELECTOR = YES;
				GCC_WARN_UNINITIALIZED_AUTOS = YES_AGGRESSIVE;
				GCC_WARN_UNUSED_FUNCTION = YES;
				GCC_WARN_UNUSED_VARIABLE = YES;
				IPHONEOS_DEPLOYMENT_TARGET = 10.2;
				MTL_ENABLE_DEBUG_INFO = YES;
				ONLY_ACTIVE_ARCH = YES;
				SDKROOT = iphoneos;
				SWIFT_ACTIVE_COMPILATION_CONDITIONS = DEBUG;
				SWIFT_OPTIMIZATION_LEVEL = "-Onone";
				TARGETED_DEVICE_FAMILY = "1,2";
			};
			name = Debug;
		};
		0CCE1D561E1ACEEA00177D45 /* Release */ = {
			isa = XCBuildConfiguration;
			buildSettings = {
				ALWAYS_SEARCH_USER_PATHS = NO;
				CLANG_ANALYZER_NONNULL = YES;
				CLANG_CXX_LANGUAGE_STANDARD = "gnu++0x";
				CLANG_CXX_LIBRARY = "libc++";
				CLANG_ENABLE_MODULES = YES;
				CLANG_ENABLE_OBJC_ARC = YES;
				CLANG_WARN_BOOL_CONVERSION = YES;
				CLANG_WARN_CONSTANT_CONVERSION = YES;
				CLANG_WARN_DIRECT_OBJC_ISA_USAGE = YES_ERROR;
				CLANG_WARN_DOCUMENTATION_COMMENTS = YES;
				CLANG_WARN_EMPTY_BODY = YES;
				CLANG_WARN_ENUM_CONVERSION = YES;
				CLANG_WARN_INFINITE_RECURSION = YES;
				CLANG_WARN_INT_CONVERSION = YES;
				CLANG_WARN_OBJC_ROOT_CLASS = YES_ERROR;
				CLANG_WARN_SUSPICIOUS_MOVE = YES;
				CLANG_WARN_UNREACHABLE_CODE = YES;
				CLANG_WARN__DUPLICATE_METHOD_MATCH = YES;
				"CODE_SIGN_IDENTITY[sdk=iphoneos*]" = "iPhone Developer";
				COPY_PHASE_STRIP = NO;
				DEBUG_INFORMATION_FORMAT = "dwarf-with-dsym";
				ENABLE_NS_ASSERTIONS = NO;
				ENABLE_STRICT_OBJC_MSGSEND = YES;
				GCC_C_LANGUAGE_STANDARD = gnu99;
				GCC_NO_COMMON_BLOCKS = YES;
				GCC_WARN_64_TO_32_BIT_CONVERSION = YES;
				GCC_WARN_ABOUT_RETURN_TYPE = YES_ERROR;
				GCC_WARN_UNDECLARED_SELECTOR = YES;
				GCC_WARN_UNINITIALIZED_AUTOS = YES_AGGRESSIVE;
				GCC_WARN_UNUSED_FUNCTION = YES;
				GCC_WARN_UNUSED_VARIABLE = YES;
				IPHONEOS_DEPLOYMENT_TARGET = 10.2;
				MTL_ENABLE_DEBUG_INFO = NO;
				SDKROOT = iphoneos;
				SWIFT_OPTIMIZATION_LEVEL = "-Owholemodule";
				TARGETED_DEVICE_FAMILY = "1,2";
				VALIDATE_PRODUCT = YES;
			};
			name = Release;
		};
		0CCE1D581E1ACEEA00177D45 /* Debug */ = {
			isa = XCBuildConfiguration;
			buildSettings = {
				ASSETCATALOG_COMPILER_APPICON_NAME = AppIcon;
				INFOPLIST_FILE = project1/Info.plist;
				LD_RUNPATH_SEARCH_PATHS = "$(inherited) @executable_path/Frameworks";
				PRODUCT_BUNDLE_IDENTIFIER = Peter.project1;
				PRODUCT_NAME = "$(TARGET_NAME)";
				SWIFT_VERSION = 3.0;
			};
			name = Debug;
		};
		0CCE1D591E1ACEEA00177D45 /* Release */ = {
			isa = XCBuildConfiguration;
			buildSettings = {
				ASSETCATALOG_COMPILER_APPICON_NAME = AppIcon;
				INFOPLIST_FILE = project1/Info.plist;
				LD_RUNPATH_SEARCH_PATHS = "$(inherited) @executable_path/Frameworks";
				PRODUCT_BUNDLE_IDENTIFIER = Peter.project1;
				PRODUCT_NAME = "$(TARGET_NAME)";
				SWIFT_VERSION = 3.0;
			};
			name = Release;
		};
		0CCE1D5B1E1ACEEA00177D45 /* Debug */ = {
			isa = XCBuildConfiguration;
			buildSettings = {
				ALWAYS_EMBED_SWIFT_STANDARD_LIBRARIES = YES;
				BUNDLE_LOADER = "$(TEST_HOST)";
				INFOPLIST_FILE = project1Tests/Info.plist;
				LD_RUNPATH_SEARCH_PATHS = "$(inherited) @executable_path/Frameworks @loader_path/Frameworks";
				PRODUCT_BUNDLE_IDENTIFIER = Peter.project1Tests;
				PRODUCT_NAME = "$(TARGET_NAME)";
				SWIFT_VERSION = 3.0;
				TEST_HOST = "$(BUILT_PRODUCTS_DIR)/project1.app/project1";
			};
			name = Debug;
		};
		0CCE1D5C1E1ACEEA00177D45 /* Release */ = {
			isa = XCBuildConfiguration;
			buildSettings = {
				ALWAYS_EMBED_SWIFT_STANDARD_LIBRARIES = YES;
				BUNDLE_LOADER = "$(TEST_HOST)";
				INFOPLIST_FILE = project1Tests/Info.plist;
				LD_RUNPATH_SEARCH_PATHS = "$(inherited) @executable_path/Frameworks @loader_path/Frameworks";
				PRODUCT_BUNDLE_IDENTIFIER = Peter.project1Tests;
				PRODUCT_NAME = "$(TARGET_NAME)";
				SWIFT_VERSION = 3.0;
				TEST_HOST = "$(BUILT_PRODUCTS_DIR)/project1.app/project1";
			};
			name = Release;
		};
		0CCE1D5E1E1ACEEA00177D45 /* Debug */ = {
			isa = XCBuildConfiguration;
			buildSettings = {
				ALWAYS_EMBED_SWIFT_STANDARD_LIBRARIES = YES;
				INFOPLIST_FILE = project1UITests/Info.plist;
				LD_RUNPATH_SEARCH_PATHS = "$(inherited) @executable_path/Frameworks @loader_path/Frameworks";
				PRODUCT_BUNDLE_IDENTIFIER = Peter.project1UITests;
				PRODUCT_NAME = "$(TARGET_NAME)";
				SWIFT_VERSION = 3.0;
				TEST_TARGET_NAME = project1;
			};
			name = Debug;
		};
		0CCE1D5F1E1ACEEA00177D45 /* Release */ = {
			isa = XCBuildConfiguration;
			buildSettings = {
				ALWAYS_EMBED_SWIFT_STANDARD_LIBRARIES = YES;
				INFOPLIST_FILE = project1UITests/Info.plist;
				LD_RUNPATH_SEARCH_PATHS = "$(inherited) @executable_path/Frameworks @loader_path/Frameworks";
				PRODUCT_BUNDLE_IDENTIFIER = Peter.project1UITests;
				PRODUCT_NAME = "$(TARGET_NAME)";
				SWIFT_VERSION = 3.0;
				TEST_TARGET_NAME = project1;
			};
			name = Release;
		};
/* End XCBuildConfiguration section */

/* Begin XCConfigurationList section */
		0CCE1D2A1E1ACEEA00177D45 /* Build configuration list for PBXProject "project1" */ = {
			isa = XCConfigurationList;
			buildConfigurations = (
				0CCE1D551E1ACEEA00177D45 /* Debug */,
				0CCE1D561E1ACEEA00177D45 /* Release */,
			);
			defaultConfigurationIsVisible = 0;
			defaultConfigurationName = Release;
		};
		0CCE1D571E1ACEEA00177D45 /* Build configuration list for PBXNativeTarget "project1" */ = {
			isa = XCConfigurationList;
			buildConfigurations = (
				0CCE1D581E1ACEEA00177D45 /* Debug */,
				0CCE1D591E1ACEEA00177D45 /* Release */,
			);
			defaultConfigurationIsVisible = 0;
		};
		0CCE1D5A1E1ACEEA00177D45 /* Build configuration list for PBXNativeTarget "project1Tests" */ = {
			isa = XCConfigurationList;
			buildConfigurations = (
				0CCE1D5B1E1ACEEA00177D45 /* Debug */,
				0CCE1D5C1E1ACEEA00177D45 /* Release */,
			);
			defaultConfigurationIsVisible = 0;
		};
		0CCE1D5D1E1ACEEA00177D45 /* Build configuration list for PBXNativeTarget "project1UITests" */ = {
			isa = XCConfigurationList;
			buildConfigurations = (
				0CCE1D5E1E1ACEEA00177D45 /* Debug */,
				0CCE1D5F1E1ACEEA00177D45 /* Release */,
			);
			defaultConfigurationIsVisible = 0;
		};
/* End XCConfigurationList section */
	};
	rootObject = 0CCE1D271E1ACEEA00177D45 /* Project object */;
}
